
Microsoft Visual Studio Solution File, Format Version 12.00
# Visual Studio Version 16
VisualStudioVersion = 16.0.30320.27
MinimumVisualStudioVersion = 10.0.40219.1
Project("{8BC9CEB8-8B4A-11D0-8D11-00A0C91BC942}") = "1ELE705_SEM17_DeckTree", "1ELE705_SEM17_DeckTree.vcxproj", "{C056A471-A7FD-4758-8817-4555EE126DA7}"
EndProject
Global
	GlobalSection(SolutionConfigurationPlatforms) = preSolution
		Debug|x64 = Debug|x64
		Debug|x86 = Debug|x86
		Release|x64 = Release|x64
		Release|x86 = Release|x86
	EndGlobalSection
	GlobalSection(ProjectConfigurationPlatforms) = postSolution
		{C056A471-A7FD-4758-8817-4555EE126DA7}.Debug|x64.ActiveCfg = Debug|x64
		{C056A471-A7FD-4758-8817-4555EE126DA7}.Debug|x64.Build.0 = Debug|x64
		{C056A471-A7FD-4758-8817-4555EE126DA7}.Debug|x86.ActiveCfg = Debug|Win32
		{C056A471-A7FD-4758-8817-4555EE126DA7}.Debug|x86.Build.0 = Debug|Win32
		{C056A471-A7FD-4758-8817-4555EE126DA7}.Release|x64.ActiveCfg = Release|x64
		{C056A471-A7FD-4758-8817-4555EE126DA7}.Release|x64.Build.0 = Release|x64
		{C056A471-A7FD-4758-8817-4555EE126DA7}.Release|x86.ActiveCfg = Release|Win32
		{C056A471-A7FD-4758-8817-4555EE126DA7}.Release|x86.Build.0 = Release|Win32
	EndGlobalSection
	GlobalSection(SolutionProperties) = preSolution
		HideSolutionNode = FALSE
	EndGlobalSection
	GlobalSection(ExtensibilityGlobals) = postSolution
		SolutionGuid = {A02BA4C1-A57A-437B-855F-F03695F91A43}
	EndGlobalSection
EndGlobal
